{
  "nodes": {
    "nixpkgs": {
      "locked": {
        "lastModified": 1664989420,
        "narHash": "sha256-Q8IxomUjjmewsoJgO3htkXLfCckQ7HkDJ/ZhdYVf/fA=",
        "owner": "nixos",
        "repo": "nixpkgs",
        "rev": "37bd39839acf99c5b738319f42478296f827f274",
        "type": "github"
      },
      "original": {
        "owner": "nixos",
        "ref": "nixos-unstable",
        "repo": "nixpkgs",
        "type": "github"
      }
    },
    "nixpkgs-github-runner": {
      "locked": {
        "lastModified": 1664788932,
        "narHash": "sha256-MbSLdgCgpJqfBKyR2IkbunN1FK8sLP64AAolYck9mcQ=",
        "owner": "codedownio",
        "repo": "nixpkgs",
        "rev": "d93ddc5f96aba4bdc055ce8c6edfded26db352e0",
        "type": "github"
      },
      "original": {
        "owner": "codedownio",
        "ref": "multiple-github-runners-oct3",
        "repo": "nixpkgs",
        "type": "github"
      }
    },
    "root": {
      "inputs": {
        "nixpkgs": "nixpkgs",
        "nixpkgs-github-runner": "nixpkgs-github-runner"
      }
    }
  },
  "root": "root",
  "version": 7
}
